
Microsoft Visual Studio Solution File, Format Version 12.00
# Visual Studio Version 17
VisualStudioVersion = 17.1.32210.238
MinimumVisualStudioVersion = 10.0.40219.1
Project("{FAE04EC0-301F-11D3-BF4B-00C04F79EFBC}") = "MVCPractice", "MVCPractice\MVCPractice.csproj", "{C0A821E2-4A55-4FB7-9610-0A1E7C8140FB}"
EndProject
Global
	GlobalSection(SolutionConfigurationPlatforms) = preSolution
		Debug|Any CPU = Debug|Any CPU
		Release|Any CPU = Release|Any CPU
	EndGlobalSection
	GlobalSection(ProjectConfigurationPlatforms) = postSolution
		{C0A821E2-4A55-4FB7-9610-0A1E7C8140FB}.Debug|Any CPU.ActiveCfg = Debug|Any CPU
		{C0A821E2-4A55-4FB7-9610-0A1E7C8140FB}.Debug|Any CPU.Build.0 = Debug|Any CPU
		{C0A821E2-4A55-4FB7-9610-0A1E7C8140FB}.Release|Any CPU.ActiveCfg = Release|Any CPU
		{C0A821E2-4A55-4FB7-9610-0A1E7C8140FB}.Release|Any CPU.Build.0 = Release|Any CPU
	EndGlobalSection
	GlobalSection(SolutionProperties) = preSolution
		HideSolutionNode = FALSE
	EndGlobalSection
	GlobalSection(ExtensibilityGlobals) = postSolution
		SolutionGuid = {EBFD1F4A-CA55-489E-BA1D-E562360A1EC1}
	EndGlobalSection
EndGlobal
